
Microsoft Visual Studio Solution File, Format Version 12.00
# Visual Studio Version 16
VisualStudioVersion = 16.0.33214.272
MinimumVisualStudioVersion = 10.0.40219.1
Project("{FAE04EC0-301F-11D3-BF4B-00C04F79EFBC}") = "ASP.Net-Assgn-1", "ASP.Net-Assgn-1\ASP.Net-Assgn-1.csproj", "{1ED888CD-E62F-439F-9483-3E333F5C268E}"
EndProject
Global
	GlobalSection(SolutionConfigurationPlatforms) = preSolution
		Debug|Any CPU = Debug|Any CPU
		Release|Any CPU = Release|Any CPU
	EndGlobalSection
	GlobalSection(ProjectConfigurationPlatforms) = postSolution
		{1ED888CD-E62F-439F-9483-3E333F5C268E}.Debug|Any CPU.ActiveCfg = Debug|Any CPU
		{1ED888CD-E62F-439F-9483-3E333F5C268E}.Debug|Any CPU.Build.0 = Debug|Any CPU
		{1ED888CD-E62F-439F-9483-3E333F5C268E}.Release|Any CPU.ActiveCfg = Release|Any CPU
		{1ED888CD-E62F-439F-9483-3E333F5C268E}.Release|Any CPU.Build.0 = Release|Any CPU
	EndGlobalSection
	GlobalSection(SolutionProperties) = preSolution
		HideSolutionNode = FALSE
	EndGlobalSection
	GlobalSection(ExtensibilityGlobals) = postSolution
		SolutionGuid = {1BE7E230-09D8-42FE-972A-32D8E365136D}
	EndGlobalSection
EndGlobal
